
Microsoft Visual Studio Solution File, Format Version 12.00
# Visual Studio 15
Project("{FAE04EC0-301F-11D3-BF4B-00C04F79EFBC}") = "Assembly-CSharp-firstpass", "Assembly-CSharp-firstpass.csproj", "{1F57BDB4-649F-DF81-C3C5-AD397BD125D5}"
EndProject
Project("{FAE04EC0-301F-11D3-BF4B-00C04F79EFBC}") = "Assembly-CSharp", "Assembly-CSharp.csproj", "{F6FBD889-C886-7B65-169D-9B188F209F82}"
EndProject
Global
	GlobalSection(SolutionConfigurationPlatforms) = preSolution
		Debug|Any CPU = Debug|Any CPU
		Release|Any CPU = Release|Any CPU
	EndGlobalSection
	GlobalSection(ProjectConfigurationPlatforms) = postSolution
		{1F57BDB4-649F-DF81-C3C5-AD397BD125D5}.Debug|Any CPU.ActiveCfg = Debug|Any CPU
		{1F57BDB4-649F-DF81-C3C5-AD397BD125D5}.Debug|Any CPU.Build.0 = Debug|Any CPU
		{1F57BDB4-649F-DF81-C3C5-AD397BD125D5}.Release|Any CPU.ActiveCfg = Release|Any CPU
		{1F57BDB4-649F-DF81-C3C5-AD397BD125D5}.Release|Any CPU.Build.0 = Release|Any CPU
		{F6FBD889-C886-7B65-169D-9B188F209F82}.Debug|Any CPU.ActiveCfg = Debug|Any CPU
		{F6FBD889-C886-7B65-169D-9B188F209F82}.Debug|Any CPU.Build.0 = Debug|Any CPU
		{F6FBD889-C886-7B65-169D-9B188F209F82}.Release|Any CPU.ActiveCfg = Release|Any CPU
		{F6FBD889-C886-7B65-169D-9B188F209F82}.Release|Any CPU.Build.0 = Release|Any CPU
	EndGlobalSection
	GlobalSection(SolutionProperties) = preSolution
		HideSolutionNode = FALSE
	EndGlobalSection
EndGlobal
